
Microsoft Visual Studio Solution File, Format Version 12.00
# Visual Studio Version 16
VisualStudioVersion = 16.0.30114.105
MinimumVisualStudioVersion = 10.0.40219.1
Project("{8BC9CEB8-8B4A-11D0-8D11-00A0C91BC942}") = "ch02_RedShader", "ch02_RedShader\ch02_RedShader.vcxproj", "{53BC02AE-7710-4ECB-A022-E2C995487FCF}"
EndProject
Project("{2150E333-8FDC-42A3-9474-1A3956D46DE8}") = "Solution Items", "Solution Items", "{4363579B-8471-4B3C-AC0A-7047D29FD98A}"
	ProjectSection(SolutionItems) = preProject
		README.md = README.md
	EndProjectSection
EndProject
Project("{8BC9CEB8-8B4A-11D0-8D11-00A0C91BC942}") = "Ch03_Texture_mapping", "Ch03_Texture_mapping\Ch03_Texture_mapping.vcxproj", "{B37CC6EA-CAF7-4F76-B652-4DB076FCAF95}"
EndProject
Project("{8BC9CEB8-8B4A-11D0-8D11-00A0C91BC942}") = "Ch04_Specular_mapping", "Ch04_Normal_mapping\Ch04_Normal_mapping.vcxproj", "{8C02FBA0-2162-4A28-B49E-3A5EAC84B9D4}"
EndProject
Project("{8BC9CEB8-8B4A-11D0-8D11-00A0C91BC942}") = "Ch05_Texture_With_Light", "Ch05_Texture_With_Light\Ch05_Texture_With_Light.vcxproj", "{AE9012B4-A18C-48B7-BA6C-9C55CA655C89}"
EndProject
Project("{8BC9CEB8-8B4A-11D0-8D11-00A0C91BC942}") = "Ch06_Toon_Shader", "Ch06_Toon_Shader\Ch06_Toon_Shader.vcxproj", "{BF441355-A1F7-445F-B066-51104A794CEA}"
EndProject
Project("{8BC9CEB8-8B4A-11D0-8D11-00A0C91BC942}") = "Ch07_NormalMapping", "Ch07_NormalMapping\Ch07_NormalMapping.vcxproj", "{FB56CA10-BDF9-4C76-91F5-72EAEDE3ED73}"
EndProject
Project("{8BC9CEB8-8B4A-11D0-8D11-00A0C91BC942}") = "Ch08_Environment_Mapping", "Ch08_Environment_Mapping\Ch08_Environment_Mapping.vcxproj", "{338F04E1-4DE0-4A23-8ED3-65DC223AF699}"
EndProject
Project("{8BC9CEB8-8B4A-11D0-8D11-00A0C91BC942}") = "Ch09_UV_Animation", "Ch09_UV_Animation\Ch09_UV_Animation.vcxproj", "{87F0C67E-FF32-49E3-82A9-15FD5700AF0D}"
EndProject
Project("{8BC9CEB8-8B4A-11D0-8D11-00A0C91BC942}") = "Ch10_Shadow_Mapping", "Ch10_Shadow_Mapping\Ch10_Shadow_Mapping.vcxproj", "{803F5553-D0D2-42FB-B3ED-7BBCBB715B3C}"
EndProject
Global
	GlobalSection(SolutionConfigurationPlatforms) = preSolution
		Debug|x64 = Debug|x64
		Debug|x86 = Debug|x86
		Release|x64 = Release|x64
		Release|x86 = Release|x86
	EndGlobalSection
	GlobalSection(ProjectConfigurationPlatforms) = postSolution
		{53BC02AE-7710-4ECB-A022-E2C995487FCF}.Debug|x64.ActiveCfg = Debug|x64
		{53BC02AE-7710-4ECB-A022-E2C995487FCF}.Debug|x64.Build.0 = Debug|x64
		{53BC02AE-7710-4ECB-A022-E2C995487FCF}.Debug|x86.ActiveCfg = Debug|Win32
		{53BC02AE-7710-4ECB-A022-E2C995487FCF}.Debug|x86.Build.0 = Debug|Win32
		{53BC02AE-7710-4ECB-A022-E2C995487FCF}.Release|x64.ActiveCfg = Release|x64
		{53BC02AE-7710-4ECB-A022-E2C995487FCF}.Release|x64.Build.0 = Release|x64
		{53BC02AE-7710-4ECB-A022-E2C995487FCF}.Release|x86.ActiveCfg = Release|Win32
		{53BC02AE-7710-4ECB-A022-E2C995487FCF}.Release|x86.Build.0 = Release|Win32
		{B37CC6EA-CAF7-4F76-B652-4DB076FCAF95}.Debug|x64.ActiveCfg = Debug|x64
		{B37CC6EA-CAF7-4F76-B652-4DB076FCAF95}.Debug|x64.Build.0 = Debug|x64
		{B37CC6EA-CAF7-4F76-B652-4DB076FCAF95}.Debug|x86.ActiveCfg = Debug|Win32
		{B37CC6EA-CAF7-4F76-B652-4DB076FCAF95}.Debug|x86.Build.0 = Debug|Win32
		{B37CC6EA-CAF7-4F76-B652-4DB076FCAF95}.Release|x64.ActiveCfg = Release|x64
		{B37CC6EA-CAF7-4F76-B652-4DB076FCAF95}.Release|x64.Build.0 = Release|x64
		{B37CC6EA-CAF7-4F76-B652-4DB076FCAF95}.Release|x86.ActiveCfg = Release|Win32
		{B37CC6EA-CAF7-4F76-B652-4DB076FCAF95}.Release|x86.Build.0 = Release|Win32
		{8C02FBA0-2162-4A28-B49E-3A5EAC84B9D4}.Debug|x64.ActiveCfg = Debug|x64
		{8C02FBA0-2162-4A28-B49E-3A5EAC84B9D4}.Debug|x64.Build.0 = Debug|x64
		{8C02FBA0-2162-4A28-B49E-3A5EAC84B9D4}.Debug|x86.ActiveCfg = Debug|Win32
		{8C02FBA0-2162-4A28-B49E-3A5EAC84B9D4}.Debug|x86.Build.0 = Debug|Win32
		{8C02FBA0-2162-4A28-B49E-3A5EAC84B9D4}.Release|x64.ActiveCfg = Release|x64
		{8C02FBA0-2162-4A28-B49E-3A5EAC84B9D4}.Release|x64.Build.0 = Release|x64
		{8C02FBA0-2162-4A28-B49E-3A5EAC84B9D4}.Release|x86.ActiveCfg = Release|Win32
		{8C02FBA0-2162-4A28-B49E-3A5EAC84B9D4}.Release|x86.Build.0 = Release|Win32
		{AE9012B4-A18C-48B7-BA6C-9C55CA655C89}.Debug|x64.ActiveCfg = Debug|x64
		{AE9012B4-A18C-48B7-BA6C-9C55CA655C89}.Debug|x64.Build.0 = Debug|x64
		{AE9012B4-A18C-48B7-BA6C-9C55CA655C89}.Debug|x86.ActiveCfg = Debug|Win32
		{AE9012B4-A18C-48B7-BA6C-9C55CA655C89}.Debug|x86.Build.0 = Debug|Win32
		{AE9012B4-A18C-48B7-BA6C-9C55CA655C89}.Release|x64.ActiveCfg = Release|x64
		{AE9012B4-A18C-48B7-BA6C-9C55CA655C89}.Release|x64.Build.0 = Release|x64
		{AE9012B4-A18C-48B7-BA6C-9C55CA655C89}.Release|x86.ActiveCfg = Release|Win32
		{AE9012B4-A18C-48B7-BA6C-9C55CA655C89}.Release|x86.Build.0 = Release|Win32
		{BF441355-A1F7-445F-B066-51104A794CEA}.Debug|x64.ActiveCfg = Debug|x64
		{BF441355-A1F7-445F-B066-51104A794CEA}.Debug|x64.Build.0 = Debug|x64
		{BF441355-A1F7-445F-B066-51104A794CEA}.Debug|x86.ActiveCfg = Debug|Win32
		{BF441355-A1F7-445F-B066-51104A794CEA}.Debug|x86.Build.0 = Debug|Win32
		{BF441355-A1F7-445F-B066-51104A794CEA}.Release|x64.ActiveCfg = Release|x64
		{BF441355-A1F7-445F-B066-51104A794CEA}.Release|x64.Build.0 = Release|x64
		{BF441355-A1F7-445F-B066-51104A794CEA}.Release|x86.ActiveCfg = Release|Win32
		{BF441355-A1F7-445F-B066-51104A794CEA}.Release|x86.Build.0 = Release|Win32
		{FB56CA10-BDF9-4C76-91F5-72EAEDE3ED73}.Debug|x64.ActiveCfg = Debug|x64
		{FB56CA10-BDF9-4C76-91F5-72EAEDE3ED73}.Debug|x64.Build.0 = Debug|x64
		{FB56CA10-BDF9-4C76-91F5-72EAEDE3ED73}.Debug|x86.ActiveCfg = Debug|Win32
		{FB56CA10-BDF9-4C76-91F5-72EAEDE3ED73}.Debug|x86.Build.0 = Debug|Win32
		{FB56CA10-BDF9-4C76-91F5-72EAEDE3ED73}.Release|x64.ActiveCfg = Release|x64
		{FB56CA10-BDF9-4C76-91F5-72EAEDE3ED73}.Release|x64.Build.0 = Release|x64
		{FB56CA10-BDF9-4C76-91F5-72EAEDE3ED73}.Release|x86.ActiveCfg = Release|Win32
		{FB56CA10-BDF9-4C76-91F5-72EAEDE3ED73}.Release|x86.Build.0 = Release|Win32
		{338F04E1-4DE0-4A23-8ED3-65DC223AF699}.Debug|x64.ActiveCfg = Debug|x64
		{338F04E1-4DE0-4A23-8ED3-65DC223AF699}.Debug|x64.Build.0 = Debug|x64
		{338F04E1-4DE0-4A23-8ED3-65DC223AF699}.Debug|x86.ActiveCfg = Debug|Win32
		{338F04E1-4DE0-4A23-8ED3-65DC223AF699}.Debug|x86.Build.0 = Debug|Win32
		{338F04E1-4DE0-4A23-8ED3-65DC223AF699}.Release|x64.ActiveCfg = Release|x64
		{338F04E1-4DE0-4A23-8ED3-65DC223AF699}.Release|x64.Build.0 = Release|x64
		{338F04E1-4DE0-4A23-8ED3-65DC223AF699}.Release|x86.ActiveCfg = Release|Win32
		{338F04E1-4DE0-4A23-8ED3-65DC223AF699}.Release|x86.Build.0 = Release|Win32
		{87F0C67E-FF32-49E3-82A9-15FD5700AF0D}.Debug|x64.ActiveCfg = Debug|x64
		{87F0C67E-FF32-49E3-82A9-15FD5700AF0D}.Debug|x64.Build.0 = Debug|x64
		{87F0C67E-FF32-49E3-82A9-15FD5700AF0D}.Debug|x86.ActiveCfg = Debug|Win32
		{87F0C67E-FF32-49E3-82A9-15FD5700AF0D}.Debug|x86.Build.0 = Debug|Win32
		{87F0C67E-FF32-49E3-82A9-15FD5700AF0D}.Release|x64.ActiveCfg = Release|x64
		{87F0C67E-FF32-49E3-82A9-15FD5700AF0D}.Release|x64.Build.0 = Release|x64
		{87F0C67E-FF32-49E3-82A9-15FD5700AF0D}.Release|x86.ActiveCfg = Release|Win32
		{87F0C67E-FF32-49E3-82A9-15FD5700AF0D}.Release|x86.Build.0 = Release|Win32
		{803F5553-D0D2-42FB-B3ED-7BBCBB715B3C}.Debug|x64.ActiveCfg = Debug|x64
		{803F5553-D0D2-42FB-B3ED-7BBCBB715B3C}.Debug|x64.Build.0 = Debug|x64
		{803F5553-D0D2-42FB-B3ED-7BBCBB715B3C}.Debug|x86.ActiveCfg = Debug|Win32
		{803F5553-D0D2-42FB-B3ED-7BBCBB715B3C}.Debug|x86.Build.0 = Debug|Win32
		{803F5553-D0D2-42FB-B3ED-7BBCBB715B3C}.Release|x64.ActiveCfg = Release|x64
		{803F5553-D0D2-42FB-B3ED-7BBCBB715B3C}.Release|x64.Build.0 = Release|x64
		{803F5553-D0D2-42FB-B3ED-7BBCBB715B3C}.Release|x86.ActiveCfg = Release|Win32
		{803F5553-D0D2-42FB-B3ED-7BBCBB715B3C}.Release|x86.Build.0 = Release|Win32
	EndGlobalSection
	GlobalSection(SolutionProperties) = preSolution
		HideSolutionNode = FALSE
	EndGlobalSection
	GlobalSection(ExtensibilityGlobals) = postSolution
		SolutionGuid = {D6CE8A54-A8F6-41AE-A112-A6C21DA1A98A}
	EndGlobalSection
EndGlobal
